{
  "version": 4,
  "terraform_version": "1.5.5",
  "serial": 629,
  "lineage": "305960aa-0437-c17f-d784-16d12822fb7a",
  "outputs": {
    "public_ip": {
      "value": [
        [
          {
            "k8s-control": {
              "ami": "ami-0f8e81a3da6e2510a",
              "arn": "arn:aws:ec2:us-west-1:049527633842:instance/i-00ea6c87bbc802d62",
              "associate_public_ip_address": true,
              "availability_zone": "us-west-1b",
              "capacity_reservation_specification": [
                {
                  "capacity_reservation_preference": "open",
                  "capacity_reservation_target": []
                }
              ],
              "cpu_core_count": 2,
              "cpu_options": [
                {
                  "amd_sev_snp": "",
                  "core_count": 2,
                  "threads_per_core": 1
                }
              ],
              "cpu_threads_per_core": 1,
              "credit_specification": [
                {
                  "cpu_credits": "standard"
                }
              ],
              "disable_api_stop": false,
              "disable_api_termination": false,
              "ebs_block_device": [],
              "ebs_optimized": false,
              "enclave_options": [
                {
                  "enabled": false
                }
              ],
              "ephemeral_block_device": [],
              "get_password_data": false,
              "hibernation": false,
              "host_id": "",
              "host_resource_group_arn": null,
              "iam_instance_profile": "",
              "id": "i-00ea6c87bbc802d62",
              "instance_initiated_shutdown_behavior": "stop",
              "instance_lifecycle": "",
              "instance_market_options": [],
              "instance_state": "running",
              "instance_type": "t2.large",
              "ipv6_address_count": 0,
              "ipv6_addresses": [],
              "key_name": "myec2-key",
              "launch_template": [],
              "maintenance_options": [
                {
                  "auto_recovery": "default"
                }
              ],
              "metadata_options": [
                {
                  "http_endpoint": "enabled",
                  "http_put_response_hop_limit": 1,
                  "http_tokens": "optional",
                  "instance_metadata_tags": "disabled"
                }
              ],
              "monitoring": false,
              "network_interface": [],
              "outpost_arn": "",
              "password_data": "",
              "placement_group": "",
              "placement_partition_number": 0,
              "primary_network_interface_id": "eni-04ed2474ffadd8feb",
              "private_dns": "ip-10-0-101-166.us-west-1.compute.internal",
              "private_dns_name_options": [
                {
                  "enable_resource_name_dns_a_record": false,
                  "enable_resource_name_dns_aaaa_record": false,
                  "hostname_type": "ip-name"
                }
              ],
              "private_ip": "10.0.101.166",
              "public_dns": "ec2-54-219-9-65.us-west-1.compute.amazonaws.com",
              "public_ip": "54.219.9.65",
              "root_block_device": [
                {
                  "delete_on_termination": true,
                  "device_name": "/dev/sda1",
                  "encrypted": false,
                  "iops": 100,
                  "kms_key_id": "",
                  "tags": {},
                  "throughput": 0,
                  "volume_id": "vol-0837c6aac32ff9b92",
                  "volume_size": 8,
                  "volume_type": "gp2"
                }
              ],
              "secondary_private_ips": [],
              "security_groups": [],
              "source_dest_check": true,
              "spot_instance_request_id": "",
              "subnet_id": "subnet-0c4da7b743e83fc29",
              "tags": {
                "Name": "k8s-control",
                "Numbering": "Instance-1"
              },
              "tags_all": {
                "Name": "k8s-control",
                "Numbering": "Instance-1"
              },
              "tenancy": "default",
              "timeouts": null,
              "user_data": null,
              "user_data_base64": null,
              "user_data_replace_on_change": false,
              "volume_tags": null,
              "vpc_security_group_ids": [
                "sg-00854b6aed66952a1"
              ]
            },
            "k8s-worker1": {
              "ami": "ami-0f8e81a3da6e2510a",
              "arn": "arn:aws:ec2:us-west-1:049527633842:instance/i-0859c10796cd3d98e",
              "associate_public_ip_address": true,
              "availability_zone": "us-west-1b",
              "capacity_reservation_specification": [
                {
                  "capacity_reservation_preference": "open",
                  "capacity_reservation_target": []
                }
              ],
              "cpu_core_count": 2,
              "cpu_options": [
                {
                  "amd_sev_snp": "",
                  "core_count": 2,
                  "threads_per_core": 1
                }
              ],
              "cpu_threads_per_core": 1,
              "credit_specification": [
                {
                  "cpu_credits": "standard"
                }
              ],
              "disable_api_stop": false,
              "disable_api_termination": false,
              "ebs_block_device": [],
              "ebs_optimized": false,
              "enclave_options": [
                {
                  "enabled": false
                }
              ],
              "ephemeral_block_device": [],
              "get_password_data": false,
              "hibernation": false,
              "host_id": "",
              "host_resource_group_arn": null,
              "iam_instance_profile": "",
              "id": "i-0859c10796cd3d98e",
              "instance_initiated_shutdown_behavior": "stop",
              "instance_lifecycle": "",
              "instance_market_options": [],
              "instance_state": "running",
              "instance_type": "t2.large",
              "ipv6_address_count": 0,
              "ipv6_addresses": [],
              "key_name": "myec2-key",
              "launch_template": [],
              "maintenance_options": [
                {
                  "auto_recovery": "default"
                }
              ],
              "metadata_options": [
                {
                  "http_endpoint": "enabled",
                  "http_put_response_hop_limit": 1,
                  "http_tokens": "optional",
                  "instance_metadata_tags": "disabled"
                }
              ],
              "monitoring": false,
              "network_interface": [],
              "outpost_arn": "",
              "password_data": "",
              "placement_group": "",
              "placement_partition_number": 0,
              "primary_network_interface_id": "eni-04126ad9a2e61baff",
              "private_dns": "ip-10-0-101-46.us-west-1.compute.internal",
              "private_dns_name_options": [
                {
                  "enable_resource_name_dns_a_record": false,
                  "enable_resource_name_dns_aaaa_record": false,
                  "hostname_type": "ip-name"
                }
              ],
              "private_ip": "10.0.101.46",
              "public_dns": "ec2-3-101-19-84.us-west-1.compute.amazonaws.com",
              "public_ip": "3.101.19.84",
              "root_block_device": [
                {
                  "delete_on_termination": true,
                  "device_name": "/dev/sda1",
                  "encrypted": false,
                  "iops": 100,
                  "kms_key_id": "",
                  "tags": {},
                  "throughput": 0,
                  "volume_id": "vol-0b92dcb908322f314",
                  "volume_size": 8,
                  "volume_type": "gp2"
                }
              ],
              "secondary_private_ips": [],
              "security_groups": [],
              "source_dest_check": true,
              "spot_instance_request_id": "",
              "subnet_id": "subnet-0c4da7b743e83fc29",
              "tags": {
                "Name": "k8s-worker1",
                "Numbering": "Instance-2"
              },
              "tags_all": {
                "Name": "k8s-worker1",
                "Numbering": "Instance-2"
              },
              "tenancy": "default",
              "timeouts": null,
              "user_data": null,
              "user_data_base64": null,
              "user_data_replace_on_change": false,
              "volume_tags": null,
              "vpc_security_group_ids": [
                "sg-00854b6aed66952a1"
              ]
            },
            "k8s-worker2": {
              "ami": "ami-0f8e81a3da6e2510a",
              "arn": "arn:aws:ec2:us-west-1:049527633842:instance/i-0d9c4fa4d302f1758",
              "associate_public_ip_address": true,
              "availability_zone": "us-west-1b",
              "capacity_reservation_specification": [
                {
                  "capacity_reservation_preference": "open",
                  "capacity_reservation_target": []
                }
              ],
              "cpu_core_count": 2,
              "cpu_options": [
                {
                  "amd_sev_snp": "",
                  "core_count": 2,
                  "threads_per_core": 1
                }
              ],
              "cpu_threads_per_core": 1,
              "credit_specification": [
                {
                  "cpu_credits": "standard"
                }
              ],
              "disable_api_stop": false,
              "disable_api_termination": false,
              "ebs_block_device": [],
              "ebs_optimized": false,
              "enclave_options": [
                {
                  "enabled": false
                }
              ],
              "ephemeral_block_device": [],
              "get_password_data": false,
              "hibernation": false,
              "host_id": "",
              "host_resource_group_arn": null,
              "iam_instance_profile": "",
              "id": "i-0d9c4fa4d302f1758",
              "instance_initiated_shutdown_behavior": "stop",
              "instance_lifecycle": "",
              "instance_market_options": [],
              "instance_state": "running",
              "instance_type": "t2.large",
              "ipv6_address_count": 0,
              "ipv6_addresses": [],
              "key_name": "myec2-key",
              "launch_template": [],
              "maintenance_options": [
                {
                  "auto_recovery": "default"
                }
              ],
              "metadata_options": [
                {
                  "http_endpoint": "enabled",
                  "http_put_response_hop_limit": 1,
                  "http_tokens": "optional",
                  "instance_metadata_tags": "disabled"
                }
              ],
              "monitoring": false,
              "network_interface": [],
              "outpost_arn": "",
              "password_data": "",
              "placement_group": "",
              "placement_partition_number": 0,
              "primary_network_interface_id": "eni-0ff79f8a23049942a",
              "private_dns": "ip-10-0-101-45.us-west-1.compute.internal",
              "private_dns_name_options": [
                {
                  "enable_resource_name_dns_a_record": false,
                  "enable_resource_name_dns_aaaa_record": false,
                  "hostname_type": "ip-name"
                }
              ],
              "private_ip": "10.0.101.45",
              "public_dns": "ec2-54-193-54-152.us-west-1.compute.amazonaws.com",
              "public_ip": "54.193.54.152",
              "root_block_device": [
                {
                  "delete_on_termination": true,
                  "device_name": "/dev/sda1",
                  "encrypted": false,
                  "iops": 100,
                  "kms_key_id": "",
                  "tags": {},
                  "throughput": 0,
                  "volume_id": "vol-04d73bc8437a3e52e",
                  "volume_size": 8,
                  "volume_type": "gp2"
                }
              ],
              "secondary_private_ips": [],
              "security_groups": [],
              "source_dest_check": true,
              "spot_instance_request_id": "",
              "subnet_id": "subnet-0c4da7b743e83fc29",
              "tags": {
                "Name": "k8s-worker2",
                "Numbering": "Instance-3"
              },
              "tags_all": {
                "Name": "k8s-worker2",
                "Numbering": "Instance-3"
              },
              "tenancy": "default",
              "timeouts": null,
              "user_data": null,
              "user_data_base64": null,
              "user_data_replace_on_change": false,
              "volume_tags": null,
              "vpc_security_group_ids": [
                "sg-00854b6aed66952a1"
              ]
            }
          }
        ]
      ],
      "type": [
        "tuple",
        [
          [
            "tuple",
            [
              [
                "object",
                {
                  "k8s-control": [
                    "object",
                    {
                      "ami": "string",
                      "arn": "string",
                      "associate_public_ip_address": "bool",
                      "availability_zone": "string",
                      "capacity_reservation_specification": [
                        "list",
                        [
                          "object",
                          {
                            "capacity_reservation_preference": "string",
                            "capacity_reservation_target": [
                              "list",
                              [
                                "object",
                                {
                                  "capacity_reservation_id": "string",
                                  "capacity_reservation_resource_group_arn": "string"
                                }
                              ]
                            ]
                          }
                        ]
                      ],
                      "cpu_core_count": "number",
                      "cpu_options": [
                        "list",
                        [
                          "object",
                          {
                            "amd_sev_snp": "string",
                            "core_count": "number",
                            "threads_per_core": "number"
                          }
                        ]
                      ],
                      "cpu_threads_per_core": "number",
                      "credit_specification": [
                        "list",
                        [
                          "object",
                          {
                            "cpu_credits": "string"
                          }
                        ]
                      ],
                      "disable_api_stop": "bool",
                      "disable_api_termination": "bool",
                      "ebs_block_device": [
                        "set",
                        [
                          "object",
                          {
                            "delete_on_termination": "bool",
                            "device_name": "string",
                            "encrypted": "bool",
                            "iops": "number",
                            "kms_key_id": "string",
                            "snapshot_id": "string",
                            "tags": [
                              "map",
                              "string"
                            ],
                            "throughput": "number",
                            "volume_id": "string",
                            "volume_size": "number",
                            "volume_type": "string"
                          }
                        ]
                      ],
                      "ebs_optimized": "bool",
                      "enclave_options": [
                        "list",
                        [
                          "object",
                          {
                            "enabled": "bool"
                          }
                        ]
                      ],
                      "ephemeral_block_device": [
                        "set",
                        [
                          "object",
                          {
                            "device_name": "string",
                            "no_device": "bool",
                            "virtual_name": "string"
                          }
                        ]
                      ],
                      "get_password_data": "bool",
                      "hibernation": "bool",
                      "host_id": "string",
                      "host_resource_group_arn": "string",
                      "iam_instance_profile": "string",
                      "id": "string",
                      "instance_initiated_shutdown_behavior": "string",
                      "instance_lifecycle": "string",
                      "instance_market_options": [
                        "list",
                        [
                          "object",
                          {
                            "market_type": "string",
                            "spot_options": [
                              "list",
                              [
                                "object",
                                {
                                  "instance_interruption_behavior": "string",
                                  "max_price": "string",
                                  "spot_instance_type": "string",
                                  "valid_until": "string"
                                }
                              ]
                            ]
                          }
                        ]
                      ],
                      "instance_state": "string",
                      "instance_type": "string",
                      "ipv6_address_count": "number",
                      "ipv6_addresses": [
                        "list",
                        "string"
                      ],
                      "key_name": "string",
                      "launch_template": [
                        "list",
                        [
                          "object",
                          {
                            "id": "string",
                            "name": "string",
                            "version": "string"
                          }
                        ]
                      ],
                      "maintenance_options": [
                        "list",
                        [
                          "object",
                          {
                            "auto_recovery": "string"
                          }
                        ]
                      ],
                      "metadata_options": [
                        "list",
                        [
                          "object",
                          {
                            "http_endpoint": "string",
                            "http_put_response_hop_limit": "number",
                            "http_tokens": "string",
                            "instance_metadata_tags": "string"
                          }
                        ]
                      ],
                      "monitoring": "bool",
                      "network_interface": [
                        "set",
                        [
                          "object",
                          {
                            "delete_on_termination": "bool",
                            "device_index": "number",
                            "network_card_index": "number",
                            "network_interface_id": "string"
                          }
                        ]
                      ],
                      "outpost_arn": "string",
                      "password_data": "string",
                      "placement_group": "string",
                      "placement_partition_number": "number",
                      "primary_network_interface_id": "string",
                      "private_dns": "string",
                      "private_dns_name_options": [
                        "list",
                        [
                          "object",
                          {
                            "enable_resource_name_dns_a_record": "bool",
                            "enable_resource_name_dns_aaaa_record": "bool",
                            "hostname_type": "string"
                          }
                        ]
                      ],
                      "private_ip": "string",
                      "public_dns": "string",
                      "public_ip": "string",
                      "root_block_device": [
                        "list",
                        [
                          "object",
                          {
                            "delete_on_termination": "bool",
                            "device_name": "string",
                            "encrypted": "bool",
                            "iops": "number",
                            "kms_key_id": "string",
                            "tags": [
                              "map",
                              "string"
                            ],
                            "throughput": "number",
                            "volume_id": "string",
                            "volume_size": "number",
                            "volume_type": "string"
                          }
                        ]
                      ],
                      "secondary_private_ips": [
                        "set",
                        "string"
                      ],
                      "security_groups": [
                        "set",
                        "string"
                      ],
                      "source_dest_check": "bool",
                      "spot_instance_request_id": "string",
                      "subnet_id": "string",
                      "tags": [
                        "map",
                        "string"
                      ],
                      "tags_all": [
                        "map",
                        "string"
                      ],
                      "tenancy": "string",
                      "timeouts": [
                        "object",
                        {
                          "create": "string",
                          "delete": "string",
                          "update": "string"
                        }
                      ],
                      "user_data": "string",
                      "user_data_base64": "string",
                      "user_data_replace_on_change": "bool",
                      "volume_tags": [
                        "map",
                        "string"
                      ],
                      "vpc_security_group_ids": [
                        "set",
                        "string"
                      ]
                    }
                  ],
                  "k8s-worker1": [
                    "object",
                    {
                      "ami": "string",
                      "arn": "string",
                      "associate_public_ip_address": "bool",
                      "availability_zone": "string",
                      "capacity_reservation_specification": [
                        "list",
                        [
                          "object",
                          {
                            "capacity_reservation_preference": "string",
                            "capacity_reservation_target": [
                              "list",
                              [
                                "object",
                                {
                                  "capacity_reservation_id": "string",
                                  "capacity_reservation_resource_group_arn": "string"
                                }
                              ]
                            ]
                          }
                        ]
                      ],
                      "cpu_core_count": "number",
                      "cpu_options": [
                        "list",
                        [
                          "object",
                          {
                            "amd_sev_snp": "string",
                            "core_count": "number",
                            "threads_per_core": "number"
                          }
                        ]
                      ],
                      "cpu_threads_per_core": "number",
                      "credit_specification": [
                        "list",
                        [
                          "object",
                          {
                            "cpu_credits": "string"
                          }
                        ]
                      ],
                      "disable_api_stop": "bool",
                      "disable_api_termination": "bool",
                      "ebs_block_device": [
                        "set",
                        [
                          "object",
                          {
                            "delete_on_termination": "bool",
                            "device_name": "string",
                            "encrypted": "bool",
                            "iops": "number",
                            "kms_key_id": "string",
                            "snapshot_id": "string",
                            "tags": [
                              "map",
                              "string"
                            ],
                            "throughput": "number",
                            "volume_id": "string",
                            "volume_size": "number",
                            "volume_type": "string"
                          }
                        ]
                      ],
                      "ebs_optimized": "bool",
                      "enclave_options": [
                        "list",
                        [
                          "object",
                          {
                            "enabled": "bool"
                          }
                        ]
                      ],
                      "ephemeral_block_device": [
                        "set",
                        [
                          "object",
                          {
                            "device_name": "string",
                            "no_device": "bool",
                            "virtual_name": "string"
                          }
                        ]
                      ],
                      "get_password_data": "bool",
                      "hibernation": "bool",
                      "host_id": "string",
                      "host_resource_group_arn": "string",
                      "iam_instance_profile": "string",
                      "id": "string",
                      "instance_initiated_shutdown_behavior": "string",
                      "instance_lifecycle": "string",
                      "instance_market_options": [
                        "list",
                        [
                          "object",
                          {
                            "market_type": "string",
                            "spot_options": [
                              "list",
                              [
                                "object",
                                {
                                  "instance_interruption_behavior": "string",
                                  "max_price": "string",
                                  "spot_instance_type": "string",
                                  "valid_until": "string"
                                }
                              ]
                            ]
                          }
                        ]
                      ],
                      "instance_state": "string",
                      "instance_type": "string",
                      "ipv6_address_count": "number",
                      "ipv6_addresses": [
                        "list",
                        "string"
                      ],
                      "key_name": "string",
                      "launch_template": [
                        "list",
                        [
                          "object",
                          {
                            "id": "string",
                            "name": "string",
                            "version": "string"
                          }
                        ]
                      ],
                      "maintenance_options": [
                        "list",
                        [
                          "object",
                          {
                            "auto_recovery": "string"
                          }
                        ]
                      ],
                      "metadata_options": [
                        "list",
                        [
                          "object",
                          {
                            "http_endpoint": "string",
                            "http_put_response_hop_limit": "number",
                            "http_tokens": "string",
                            "instance_metadata_tags": "string"
                          }
                        ]
                      ],
                      "monitoring": "bool",
                      "network_interface": [
                        "set",
                        [
                          "object",
                          {
                            "delete_on_termination": "bool",
                            "device_index": "number",
                            "network_card_index": "number",
                            "network_interface_id": "string"
                          }
                        ]
                      ],
                      "outpost_arn": "string",
                      "password_data": "string",
                      "placement_group": "string",
                      "placement_partition_number": "number",
                      "primary_network_interface_id": "string",
                      "private_dns": "string",
                      "private_dns_name_options": [
                        "list",
                        [
                          "object",
                          {
                            "enable_resource_name_dns_a_record": "bool",
                            "enable_resource_name_dns_aaaa_record": "bool",
                            "hostname_type": "string"
                          }
                        ]
                      ],
                      "private_ip": "string",
                      "public_dns": "string",
                      "public_ip": "string",
                      "root_block_device": [
                        "list",
                        [
                          "object",
                          {
                            "delete_on_termination": "bool",
                            "device_name": "string",
                            "encrypted": "bool",
                            "iops": "number",
                            "kms_key_id": "string",
                            "tags": [
                              "map",
                              "string"
                            ],
                            "throughput": "number",
                            "volume_id": "string",
                            "volume_size": "number",
                            "volume_type": "string"
                          }
                        ]
                      ],
                      "secondary_private_ips": [
                        "set",
                        "string"
                      ],
                      "security_groups": [
                        "set",
                        "string"
                      ],
                      "source_dest_check": "bool",
                      "spot_instance_request_id": "string",
                      "subnet_id": "string",
                      "tags": [
                        "map",
                        "string"
                      ],
                      "tags_all": [
                        "map",
                        "string"
                      ],
                      "tenancy": "string",
                      "timeouts": [
                        "object",
                        {
                          "create": "string",
                          "delete": "string",
                          "update": "string"
                        }
                      ],
                      "user_data": "string",
                      "user_data_base64": "string",
                      "user_data_replace_on_change": "bool",
                      "volume_tags": [
                        "map",
                        "string"
                      ],
                      "vpc_security_group_ids": [
                        "set",
                        "string"
                      ]
                    }
                  ],
                  "k8s-worker2": [
                    "object",
                    {
                      "ami": "string",
                      "arn": "string",
                      "associate_public_ip_address": "bool",
                      "availability_zone": "string",
                      "capacity_reservation_specification": [
                        "list",
                        [
                          "object",
                          {
                            "capacity_reservation_preference": "string",
                            "capacity_reservation_target": [
                              "list",
                              [
                                "object",
                                {
                                  "capacity_reservation_id": "string",
                                  "capacity_reservation_resource_group_arn": "string"
                                }
                              ]
                            ]
                          }
                        ]
                      ],
                      "cpu_core_count": "number",
                      "cpu_options": [
                        "list",
                        [
                          "object",
                          {
                            "amd_sev_snp": "string",
                            "core_count": "number",
                            "threads_per_core": "number"
                          }
                        ]
                      ],
                      "cpu_threads_per_core": "number",
                      "credit_specification": [
                        "list",
                        [
                          "object",
                          {
                            "cpu_credits": "string"
                          }
                        ]
                      ],
                      "disable_api_stop": "bool",
                      "disable_api_termination": "bool",
                      "ebs_block_device": [
                        "set",
                        [
                          "object",
                          {
                            "delete_on_termination": "bool",
                            "device_name": "string",
                            "encrypted": "bool",
                            "iops": "number",
                            "kms_key_id": "string",
                            "snapshot_id": "string",
                            "tags": [
                              "map",
                              "string"
                            ],
                            "throughput": "number",
                            "volume_id": "string",
                            "volume_size": "number",
                            "volume_type": "string"
                          }
                        ]
                      ],
                      "ebs_optimized": "bool",
                      "enclave_options": [
                        "list",
                        [
                          "object",
                          {
                            "enabled": "bool"
                          }
                        ]
                      ],
                      "ephemeral_block_device": [
                        "set",
                        [
                          "object",
                          {
                            "device_name": "string",
                            "no_device": "bool",
                            "virtual_name": "string"
                          }
                        ]
                      ],
                      "get_password_data": "bool",
                      "hibernation": "bool",
                      "host_id": "string",
                      "host_resource_group_arn": "string",
                      "iam_instance_profile": "string",
                      "id": "string",
                      "instance_initiated_shutdown_behavior": "string",
                      "instance_lifecycle": "string",
                      "instance_market_options": [
                        "list",
                        [
                          "object",
                          {
                            "market_type": "string",
                            "spot_options": [
                              "list",
                              [
                                "object",
                                {
                                  "instance_interruption_behavior": "string",
                                  "max_price": "string",
                                  "spot_instance_type": "string",
                                  "valid_until": "string"
                                }
                              ]
                            ]
                          }
                        ]
                      ],
                      "instance_state": "string",
                      "instance_type": "string",
                      "ipv6_address_count": "number",
                      "ipv6_addresses": [
                        "list",
                        "string"
                      ],
                      "key_name": "string",
                      "launch_template": [
                        "list",
                        [
                          "object",
                          {
                            "id": "string",
                            "name": "string",
                            "version": "string"
                          }
                        ]
                      ],
                      "maintenance_options": [
                        "list",
                        [
                          "object",
                          {
                            "auto_recovery": "string"
                          }
                        ]
                      ],
                      "metadata_options": [
                        "list",
                        [
                          "object",
                          {
                            "http_endpoint": "string",
                            "http_put_response_hop_limit": "number",
                            "http_tokens": "string",
                            "instance_metadata_tags": "string"
                          }
                        ]
                      ],
                      "monitoring": "bool",
                      "network_interface": [
                        "set",
                        [
                          "object",
                          {
                            "delete_on_termination": "bool",
                            "device_index": "number",
                            "network_card_index": "number",
                            "network_interface_id": "string"
                          }
                        ]
                      ],
                      "outpost_arn": "string",
                      "password_data": "string",
                      "placement_group": "string",
                      "placement_partition_number": "number",
                      "primary_network_interface_id": "string",
                      "private_dns": "string",
                      "private_dns_name_options": [
                        "list",
                        [
                          "object",
                          {
                            "enable_resource_name_dns_a_record": "bool",
                            "enable_resource_name_dns_aaaa_record": "bool",
                            "hostname_type": "string"
                          }
                        ]
                      ],
                      "private_ip": "string",
                      "public_dns": "string",
                      "public_ip": "string",
                      "root_block_device": [
                        "list",
                        [
                          "object",
                          {
                            "delete_on_termination": "bool",
                            "device_name": "string",
                            "encrypted": "bool",
                            "iops": "number",
                            "kms_key_id": "string",
                            "tags": [
                              "map",
                              "string"
                            ],
                            "throughput": "number",
                            "volume_id": "string",
                            "volume_size": "number",
                            "volume_type": "string"
                          }
                        ]
                      ],
                      "secondary_private_ips": [
                        "set",
                        "string"
                      ],
                      "security_groups": [
                        "set",
                        "string"
                      ],
                      "source_dest_check": "bool",
                      "spot_instance_request_id": "string",
                      "subnet_id": "string",
                      "tags": [
                        "map",
                        "string"
                      ],
                      "tags_all": [
                        "map",
                        "string"
                      ],
                      "tenancy": "string",
                      "timeouts": [
                        "object",
                        {
                          "create": "string",
                          "delete": "string",
                          "update": "string"
                        }
                      ],
                      "user_data": "string",
                      "user_data_base64": "string",
                      "user_data_replace_on_change": "bool",
                      "volume_tags": [
                        "map",
                        "string"
                      ],
                      "vpc_security_group_ids": [
                        "set",
                        "string"
                      ]
                    }
                  ]
                }
              ]
            ]
          ]
        ]
      ]
    }
  },
  "resources": [
    {
      "mode": "managed",
      "type": "aws_instance",
      "name": "app_server",
      "provider": "provider[\"registry.terraform.io/hashicorp/aws\"]",
      "instances": [
        {
          "index_key": "k8s-control",
          "schema_version": 1,
          "attributes": {
            "ami": "ami-0f8e81a3da6e2510a",
            "arn": "arn:aws:ec2:us-west-1:049527633842:instance/i-00ea6c87bbc802d62",
            "associate_public_ip_address": true,
            "availability_zone": "us-west-1b",
            "capacity_reservation_specification": [
              {
                "capacity_reservation_preference": "open",
                "capacity_reservation_target": []
              }
            ],
            "cpu_core_count": 2,
            "cpu_options": [
              {
                "amd_sev_snp": "",
                "core_count": 2,
                "threads_per_core": 1
              }
            ],
            "cpu_threads_per_core": 1,
            "credit_specification": [
              {
                "cpu_credits": "standard"
              }
            ],
            "disable_api_stop": false,
            "disable_api_termination": false,
            "ebs_block_device": [],
            "ebs_optimized": false,
            "enclave_options": [
              {
                "enabled": false
              }
            ],
            "ephemeral_block_device": [],
            "get_password_data": false,
            "hibernation": false,
            "host_id": "",
            "host_resource_group_arn": null,
            "iam_instance_profile": "",
            "id": "i-00ea6c87bbc802d62",
            "instance_initiated_shutdown_behavior": "stop",
            "instance_lifecycle": "",
            "instance_market_options": [],
            "instance_state": "running",
            "instance_type": "t2.large",
            "ipv6_address_count": 0,
            "ipv6_addresses": [],
            "key_name": "myec2-key",
            "launch_template": [],
            "maintenance_options": [
              {
                "auto_recovery": "default"
              }
            ],
            "metadata_options": [
              {
                "http_endpoint": "enabled",
                "http_put_response_hop_limit": 1,
                "http_tokens": "optional",
                "instance_metadata_tags": "disabled"
              }
            ],
            "monitoring": false,
            "network_interface": [],
            "outpost_arn": "",
            "password_data": "",
            "placement_group": "",
            "placement_partition_number": 0,
            "primary_network_interface_id": "eni-04ed2474ffadd8feb",
            "private_dns": "ip-10-0-101-166.us-west-1.compute.internal",
            "private_dns_name_options": [
              {
                "enable_resource_name_dns_a_record": false,
                "enable_resource_name_dns_aaaa_record": false,
                "hostname_type": "ip-name"
              }
            ],
            "private_ip": "10.0.101.166",
            "public_dns": "ec2-54-219-9-65.us-west-1.compute.amazonaws.com",
            "public_ip": "54.219.9.65",
            "root_block_device": [
              {
                "delete_on_termination": true,
                "device_name": "/dev/sda1",
                "encrypted": false,
                "iops": 100,
                "kms_key_id": "",
                "tags": {},
                "throughput": 0,
                "volume_id": "vol-0837c6aac32ff9b92",
                "volume_size": 8,
                "volume_type": "gp2"
              }
            ],
            "secondary_private_ips": [],
            "security_groups": [],
            "source_dest_check": true,
            "spot_instance_request_id": "",
            "subnet_id": "subnet-0c4da7b743e83fc29",
            "tags": {
              "Name": "k8s-control",
              "Numbering": "Instance-1"
            },
            "tags_all": {
              "Name": "k8s-control",
              "Numbering": "Instance-1"
            },
            "tenancy": "default",
            "timeouts": null,
            "user_data": null,
            "user_data_base64": null,
            "user_data_replace_on_change": false,
            "volume_tags": null,
            "vpc_security_group_ids": [
              "sg-00854b6aed66952a1"
            ]
          },
          "sensitive_attributes": [],
          "private": "eyJlMmJmYjczMC1lY2FhLTExZTYtOGY4OC0zNDM2M2JjN2M0YzAiOnsiY3JlYXRlIjo2MDAwMDAwMDAwMDAsImRlbGV0ZSI6MTIwMDAwMDAwMDAwMCwidXBkYXRlIjo2MDAwMDAwMDAwMDB9LCJzY2hlbWFfdmVyc2lvbiI6IjEifQ==",
          "dependencies": [
            "aws_key_pair.ec2_key",
            "aws_security_group.my_sg",
            "module.vpc.aws_subnet.public",
            "module.vpc.aws_vpc.this",
            "module.vpc.aws_vpc_ipv4_cidr_block_association.this"
          ]
        },
        {
          "index_key": "k8s-worker1",
          "schema_version": 1,
          "attributes": {
            "ami": "ami-0f8e81a3da6e2510a",
            "arn": "arn:aws:ec2:us-west-1:049527633842:instance/i-0859c10796cd3d98e",
            "associate_public_ip_address": true,
            "availability_zone": "us-west-1b",
            "capacity_reservation_specification": [
              {
                "capacity_reservation_preference": "open",
                "capacity_reservation_target": []
              }
            ],
            "cpu_core_count": 2,
            "cpu_options": [
              {
                "amd_sev_snp": "",
                "core_count": 2,
                "threads_per_core": 1
              }
            ],
            "cpu_threads_per_core": 1,
            "credit_specification": [
              {
                "cpu_credits": "standard"
              }
            ],
            "disable_api_stop": false,
            "disable_api_termination": false,
            "ebs_block_device": [],
            "ebs_optimized": false,
            "enclave_options": [
              {
                "enabled": false
              }
            ],
            "ephemeral_block_device": [],
            "get_password_data": false,
            "hibernation": false,
            "host_id": "",
            "host_resource_group_arn": null,
            "iam_instance_profile": "",
            "id": "i-0859c10796cd3d98e",
            "instance_initiated_shutdown_behavior": "stop",
            "instance_lifecycle": "",
            "instance_market_options": [],
            "instance_state": "running",
            "instance_type": "t2.large",
            "ipv6_address_count": 0,
            "ipv6_addresses": [],
            "key_name": "myec2-key",
            "launch_template": [],
            "maintenance_options": [
              {
                "auto_recovery": "default"
              }
            ],
            "metadata_options": [
              {
                "http_endpoint": "enabled",
                "http_put_response_hop_limit": 1,
                "http_tokens": "optional",
                "instance_metadata_tags": "disabled"
              }
            ],
            "monitoring": false,
            "network_interface": [],
            "outpost_arn": "",
            "password_data": "",
            "placement_group": "",
            "placement_partition_number": 0,
            "primary_network_interface_id": "eni-04126ad9a2e61baff",
            "private_dns": "ip-10-0-101-46.us-west-1.compute.internal",
            "private_dns_name_options": [
              {
                "enable_resource_name_dns_a_record": false,
                "enable_resource_name_dns_aaaa_record": false,
                "hostname_type": "ip-name"
              }
            ],
            "private_ip": "10.0.101.46",
            "public_dns": "ec2-3-101-19-84.us-west-1.compute.amazonaws.com",
            "public_ip": "3.101.19.84",
            "root_block_device": [
              {
                "delete_on_termination": true,
                "device_name": "/dev/sda1",
                "encrypted": false,
                "iops": 100,
                "kms_key_id": "",
                "tags": {},
                "throughput": 0,
                "volume_id": "vol-0b92dcb908322f314",
                "volume_size": 8,
                "volume_type": "gp2"
              }
            ],
            "secondary_private_ips": [],
            "security_groups": [],
            "source_dest_check": true,
            "spot_instance_request_id": "",
            "subnet_id": "subnet-0c4da7b743e83fc29",
            "tags": {
              "Name": "k8s-worker1",
              "Numbering": "Instance-2"
            },
            "tags_all": {
              "Name": "k8s-worker1",
              "Numbering": "Instance-2"
            },
            "tenancy": "default",
            "timeouts": null,
            "user_data": null,
            "user_data_base64": null,
            "user_data_replace_on_change": false,
            "volume_tags": null,
            "vpc_security_group_ids": [
              "sg-00854b6aed66952a1"
            ]
          },
          "sensitive_attributes": [],
          "private": "eyJlMmJmYjczMC1lY2FhLTExZTYtOGY4OC0zNDM2M2JjN2M0YzAiOnsiY3JlYXRlIjo2MDAwMDAwMDAwMDAsImRlbGV0ZSI6MTIwMDAwMDAwMDAwMCwidXBkYXRlIjo2MDAwMDAwMDAwMDB9LCJzY2hlbWFfdmVyc2lvbiI6IjEifQ==",
          "dependencies": [
            "aws_key_pair.ec2_key",
            "aws_security_group.my_sg",
            "module.vpc.aws_subnet.public",
            "module.vpc.aws_vpc.this",
            "module.vpc.aws_vpc_ipv4_cidr_block_association.this"
          ]
        },
        {
          "index_key": "k8s-worker2",
          "schema_version": 1,
          "attributes": {
            "ami": "ami-0f8e81a3da6e2510a",
            "arn": "arn:aws:ec2:us-west-1:049527633842:instance/i-0d9c4fa4d302f1758",
            "associate_public_ip_address": true,
            "availability_zone": "us-west-1b",
            "capacity_reservation_specification": [
              {
                "capacity_reservation_preference": "open",
                "capacity_reservation_target": []
              }
            ],
            "cpu_core_count": 2,
            "cpu_options": [
              {
                "amd_sev_snp": "",
                "core_count": 2,
                "threads_per_core": 1
              }
            ],
            "cpu_threads_per_core": 1,
            "credit_specification": [
              {
                "cpu_credits": "standard"
              }
            ],
            "disable_api_stop": false,
            "disable_api_termination": false,
            "ebs_block_device": [],
            "ebs_optimized": false,
            "enclave_options": [
              {
                "enabled": false
              }
            ],
            "ephemeral_block_device": [],
            "get_password_data": false,
            "hibernation": false,
            "host_id": "",
            "host_resource_group_arn": null,
            "iam_instance_profile": "",
            "id": "i-0d9c4fa4d302f1758",
            "instance_initiated_shutdown_behavior": "stop",
            "instance_lifecycle": "",
            "instance_market_options": [],
            "instance_state": "running",
            "instance_type": "t2.large",
            "ipv6_address_count": 0,
            "ipv6_addresses": [],
            "key_name": "myec2-key",
            "launch_template": [],
            "maintenance_options": [
              {
                "auto_recovery": "default"
              }
            ],
            "metadata_options": [
              {
                "http_endpoint": "enabled",
                "http_put_response_hop_limit": 1,
                "http_tokens": "optional",
                "instance_metadata_tags": "disabled"
              }
            ],
            "monitoring": false,
            "network_interface": [],
            "outpost_arn": "",
            "password_data": "",
            "placement_group": "",
            "placement_partition_number": 0,
            "primary_network_interface_id": "eni-0ff79f8a23049942a",
            "private_dns": "ip-10-0-101-45.us-west-1.compute.internal",
            "private_dns_name_options": [
              {
                "enable_resource_name_dns_a_record": false,
                "enable_resource_name_dns_aaaa_record": false,
                "hostname_type": "ip-name"
              }
            ],
            "private_ip": "10.0.101.45",
            "public_dns": "ec2-54-193-54-152.us-west-1.compute.amazonaws.com",
            "public_ip": "54.193.54.152",
            "root_block_device": [
              {
                "delete_on_termination": true,
                "device_name": "/dev/sda1",
                "encrypted": false,
                "iops": 100,
                "kms_key_id": "",
                "tags": {},
                "throughput": 0,
                "volume_id": "vol-04d73bc8437a3e52e",
                "volume_size": 8,
                "volume_type": "gp2"
              }
            ],
            "secondary_private_ips": [],
            "security_groups": [],
            "source_dest_check": true,
            "spot_instance_request_id": "",
            "subnet_id": "subnet-0c4da7b743e83fc29",
            "tags": {
              "Name": "k8s-worker2",
              "Numbering": "Instance-3"
            },
            "tags_all": {
              "Name": "k8s-worker2",
              "Numbering": "Instance-3"
            },
            "tenancy": "default",
            "timeouts": null,
            "user_data": null,
            "user_data_base64": null,
            "user_data_replace_on_change": false,
            "volume_tags": null,
            "vpc_security_group_ids": [
              "sg-00854b6aed66952a1"
            ]
          },
          "sensitive_attributes": [],
          "private": "eyJlMmJmYjczMC1lY2FhLTExZTYtOGY4OC0zNDM2M2JjN2M0YzAiOnsiY3JlYXRlIjo2MDAwMDAwMDAwMDAsImRlbGV0ZSI6MTIwMDAwMDAwMDAwMCwidXBkYXRlIjo2MDAwMDAwMDAwMDB9LCJzY2hlbWFfdmVyc2lvbiI6IjEifQ==",
          "dependencies": [
            "aws_key_pair.ec2_key",
            "aws_security_group.my_sg",
            "module.vpc.aws_subnet.public",
            "module.vpc.aws_vpc.this",
            "module.vpc.aws_vpc_ipv4_cidr_block_association.this"
          ]
        }
      ]
    },
    {
      "mode": "managed",
      "type": "aws_key_pair",
      "name": "ec2_key",
      "provider": "provider[\"registry.terraform.io/hashicorp/aws\"]",
      "instances": [
        {
          "schema_version": 1,
          "attributes": {
            "arn": "arn:aws:ec2:us-west-1:049527633842:key-pair/myec2-key",
            "fingerprint": "fd:06:7a:bb:7c:d0:13:8e:f1:b6:a4:7b:5b:d9:f6:1d",
            "id": "myec2-key",
            "key_name": "myec2-key",
            "key_name_prefix": "",
            "key_pair_id": "key-049cd71648ba76086",
            "key_type": "rsa",
            "public_key": "ssh-rsa AAAAB3NzaC1yc2EAAAADAQABAAABgQDToQ/L39VTU7sTDU8ojxDaIvTa/UJlrBq6sqKJYrQcKgFdPzUPoOBBvtHCViRhgYVrBxocLV8tnochESW4UCTi1SpW8ckGmMKhvrRWPUZ2p7DzBz9E6kN8Z6NZhdjHxck+MIplOzuQv0QdZBm+bBfpHSP6rfyiSoPbk4hgaemIfD4WEkvBF5UhF15AZIcNqE7oulMXB/zp4BPTdJhxZAENM/O12nqedKvggW1ybbwk6Sg54YSqEIp1YzrUqYaU00dh38/lB5aVnpbavkyaAt7k3F5H9Vr398xueQJgYlfQOoQh0Eh/nyMLymV/AgHmYDrQz97gMAM4BWKjfEU3EmzHZFVxMb8pMcR3D1OR6Y2q3JAT6rbTEKQIgIzDy97BKpT9KJxZyq2wge43yJ5D+yp0TkPZmCu2YRfnOScyKntS2QtCI2kot0kRBvno2m3zjM28c9Y4+m80DzCy4cAwNmOS4jRoMp/5kyjSJ61Bb5iwybWoahrhJxaEYarZMlPUMEM= ubuntu@ip-172-31-13-62",
            "tags": null,
            "tags_all": {}
          },
          "sensitive_attributes": [],
          "private": "eyJzY2hlbWFfdmVyc2lvbiI6IjEifQ=="
        }
      ]
    },
    {
      "mode": "managed",
      "type": "aws_security_group",
      "name": "my_sg",
      "provider": "provider[\"registry.terraform.io/hashicorp/aws\"]",
      "instances": [
        {
          "schema_version": 1,
          "attributes": {
            "arn": "arn:aws:ec2:us-west-1:049527633842:security-group/sg-00854b6aed66952a1",
            "description": "Allow SSH inbound traffic",
            "egress": [
              {
                "cidr_blocks": [
                  "0.0.0.0/0"
                ],
                "description": "",
                "from_port": 0,
                "ipv6_cidr_blocks": [
                  "::/0"
                ],
                "prefix_list_ids": [],
                "protocol": "-1",
                "security_groups": [],
                "self": false,
                "to_port": 0
              }
            ],
            "id": "sg-00854b6aed66952a1",
            "ingress": [
              {
                "cidr_blocks": [
                  "0.0.0.0/0"
                ],
                "description": "SSH from VPC",
                "from_port": 22,
                "ipv6_cidr_blocks": [],
                "prefix_list_ids": [],
                "protocol": "tcp",
                "security_groups": [],
                "self": false,
                "to_port": 22
              }
            ],
            "name": "allow_ssh",
            "name_prefix": "",
            "owner_id": "049527633842",
            "revoke_rules_on_delete": false,
            "tags": {
              "Name": "allow_ssh"
            },
            "tags_all": {
              "Name": "allow_ssh"
            },
            "timeouts": null,
            "vpc_id": "vpc-094e60330fffeb597"
          },
          "sensitive_attributes": [],
          "private": "eyJlMmJmYjczMC1lY2FhLTExZTYtOGY4OC0zNDM2M2JjN2M0YzAiOnsiY3JlYXRlIjo2MDAwMDAwMDAwMDAsImRlbGV0ZSI6OTAwMDAwMDAwMDAwfSwic2NoZW1hX3ZlcnNpb24iOiIxIn0=",
          "dependencies": [
            "module.vpc.aws_vpc.this"
          ]
        }
      ]
    },
    {
      "module": "module.vpc",
      "mode": "managed",
      "type": "aws_default_network_acl",
      "name": "this",
      "provider": "provider[\"registry.terraform.io/hashicorp/aws\"]",
      "instances": [
        {
          "index_key": 0,
          "schema_version": 0,
          "attributes": {
            "arn": "arn:aws:ec2:us-west-1:049527633842:network-acl/acl-0adc22f3d7d763c68",
            "default_network_acl_id": "acl-0adc22f3d7d763c68",
            "egress": [
              {
                "action": "allow",
                "cidr_block": "",
                "from_port": 0,
                "icmp_code": null,
                "icmp_type": null,
                "ipv6_cidr_block": "::/0",
                "protocol": "-1",
                "rule_no": 101,
                "to_port": 0
              },
              {
                "action": "allow",
                "cidr_block": "0.0.0.0/0",
                "from_port": 0,
                "icmp_code": null,
                "icmp_type": null,
                "ipv6_cidr_block": "",
                "protocol": "-1",
                "rule_no": 100,
                "to_port": 0
              }
            ],
            "id": "acl-0adc22f3d7d763c68",
            "ingress": [
              {
                "action": "allow",
                "cidr_block": "",
                "from_port": 0,
                "icmp_code": null,
                "icmp_type": null,
                "ipv6_cidr_block": "::/0",
                "protocol": "-1",
                "rule_no": 101,
                "to_port": 0
              },
              {
                "action": "allow",
                "cidr_block": "0.0.0.0/0",
                "from_port": 0,
                "icmp_code": null,
                "icmp_type": null,
                "ipv6_cidr_block": "",
                "protocol": "-1",
                "rule_no": 100,
                "to_port": 0
              }
            ],
            "owner_id": "049527633842",
            "subnet_ids": [
              "subnet-03cc01ef44d56ab9d",
              "subnet-072ccbd6643ce9c6a",
              "subnet-07a95effc66638f6f",
              "subnet-0c4da7b743e83fc29",
              "subnet-0d7bf3ad7b52f83e3",
              "subnet-0ef31138032f3aa32"
            ],
            "tags": {
              "Environment": "dev",
              "Name": "my-vpc-default",
              "Terraform": "true"
            },
            "tags_all": {
              "Environment": "dev",
              "Name": "my-vpc-default",
              "Terraform": "true"
            },
            "vpc_id": "vpc-094e60330fffeb597"
          },
          "sensitive_attributes": [],
          "private": "bnVsbA==",
          "dependencies": [
            "module.vpc.aws_vpc.this"
          ]
        }
      ]
    },
    {
      "module": "module.vpc",
      "mode": "managed",
      "type": "aws_default_route_table",
      "name": "default",
      "provider": "provider[\"registry.terraform.io/hashicorp/aws\"]",
      "instances": [
        {
          "index_key": 0,
          "schema_version": 0,
          "attributes": {
            "arn": "arn:aws:ec2:us-west-1:049527633842:route-table/rtb-0281d7e384938be31",
            "default_route_table_id": "rtb-0281d7e384938be31",
            "id": "rtb-0281d7e384938be31",
            "owner_id": "049527633842",
            "propagating_vgws": null,
            "route": [],
            "tags": {
              "Environment": "dev",
              "Name": "my-vpc-default",
              "Terraform": "true"
            },
            "tags_all": {
              "Environment": "dev",
              "Name": "my-vpc-default",
              "Terraform": "true"
            },
            "timeouts": {
              "create": "5m",
              "update": "5m"
            },
            "vpc_id": "vpc-094e60330fffeb597"
          },
          "sensitive_attributes": [],
          "private": "eyJlMmJmYjczMC1lY2FhLTExZTYtOGY4OC0zNDM2M2JjN2M0YzAiOnsiY3JlYXRlIjozMDAwMDAwMDAwMDAsInVwZGF0ZSI6MzAwMDAwMDAwMDAwfX0=",
          "dependencies": [
            "module.vpc.aws_vpc.this"
          ]
        }
      ]
    },
    {
      "module": "module.vpc",
      "mode": "managed",
      "type": "aws_default_security_group",
      "name": "this",
      "provider": "provider[\"registry.terraform.io/hashicorp/aws\"]",
      "instances": [
        {
          "index_key": 0,
          "schema_version": 1,
          "attributes": {
            "arn": "arn:aws:ec2:us-west-1:049527633842:security-group/sg-0dc58e8aed810f25e",
            "description": "default VPC security group",
            "egress": [],
            "id": "sg-0dc58e8aed810f25e",
            "ingress": [],
            "name": "default",
            "name_prefix": "",
            "owner_id": "049527633842",
            "revoke_rules_on_delete": false,
            "tags": {
              "Environment": "dev",
              "Name": "my-vpc-default",
              "Terraform": "true"
            },
            "tags_all": {
              "Environment": "dev",
              "Name": "my-vpc-default",
              "Terraform": "true"
            },
            "vpc_id": "vpc-094e60330fffeb597"
          },
          "sensitive_attributes": [],
          "private": "eyJzY2hlbWFfdmVyc2lvbiI6IjEifQ==",
          "dependencies": [
            "module.vpc.aws_vpc.this"
          ]
        }
      ]
    },
    {
      "module": "module.vpc",
      "mode": "managed",
      "type": "aws_eip",
      "name": "nat",
      "provider": "provider[\"registry.terraform.io/hashicorp/aws\"]",
      "instances": [
        {
          "index_key": 0,
          "schema_version": 0,
          "attributes": {
            "address": null,
            "allocation_id": "eipalloc-05417c6a628437c2e",
            "associate_with_private_ip": null,
            "association_id": "",
            "carrier_ip": "",
            "customer_owned_ip": "",
            "customer_owned_ipv4_pool": "",
            "domain": "vpc",
            "id": "eipalloc-05417c6a628437c2e",
            "instance": "",
            "network_border_group": "us-west-1",
            "network_interface": "",
            "private_dns": null,
            "private_ip": "",
            "public_dns": "ec2-204-236-156-34.us-west-1.compute.amazonaws.com",
            "public_ip": "204.236.156.34",
            "public_ipv4_pool": "amazon",
            "tags": {
              "Environment": "dev",
              "Name": "my-vpc-us-west-1b",
              "Terraform": "true"
            },
            "tags_all": {
              "Environment": "dev",
              "Name": "my-vpc-us-west-1b",
              "Terraform": "true"
            },
            "timeouts": null,
            "vpc": true
          },
          "sensitive_attributes": [],
          "private": "eyJlMmJmYjczMC1lY2FhLTExZTYtOGY4OC0zNDM2M2JjN2M0YzAiOnsiZGVsZXRlIjoxODAwMDAwMDAwMDAsInJlYWQiOjkwMDAwMDAwMDAwMCwidXBkYXRlIjozMDAwMDAwMDAwMDB9fQ==",
          "dependencies": [
            "module.vpc.aws_internet_gateway.this",
            "module.vpc.aws_vpc.this",
            "module.vpc.aws_vpc_ipv4_cidr_block_association.this"
          ]
        },
        {
          "index_key": 1,
          "schema_version": 0,
          "attributes": {
            "address": null,
            "allocation_id": "eipalloc-000299645519dfa3a",
            "associate_with_private_ip": null,
            "association_id": "",
            "carrier_ip": "",
            "customer_owned_ip": "",
            "customer_owned_ipv4_pool": "",
            "domain": "vpc",
            "id": "eipalloc-000299645519dfa3a",
            "instance": "",
            "network_border_group": "us-west-1",
            "network_interface": "",
            "private_dns": null,
            "private_ip": "",
            "public_dns": "ec2-52-8-33-61.us-west-1.compute.amazonaws.com",
            "public_ip": "52.8.33.61",
            "public_ipv4_pool": "amazon",
            "tags": {
              "Environment": "dev",
              "Name": "my-vpc-us-west-1c",
              "Terraform": "true"
            },
            "tags_all": {
              "Environment": "dev",
              "Name": "my-vpc-us-west-1c",
              "Terraform": "true"
            },
            "timeouts": null,
            "vpc": true
          },
          "sensitive_attributes": [],
          "private": "eyJlMmJmYjczMC1lY2FhLTExZTYtOGY4OC0zNDM2M2JjN2M0YzAiOnsiZGVsZXRlIjoxODAwMDAwMDAwMDAsInJlYWQiOjkwMDAwMDAwMDAwMCwidXBkYXRlIjozMDAwMDAwMDAwMDB9fQ==",
          "dependencies": [
            "module.vpc.aws_internet_gateway.this",
            "module.vpc.aws_vpc.this",
            "module.vpc.aws_vpc_ipv4_cidr_block_association.this"
          ]
        },
        {
          "index_key": 2,
          "schema_version": 0,
          "attributes": {
            "address": null,
            "allocation_id": "eipalloc-0de840fbd9a3003bb",
            "associate_with_private_ip": null,
            "association_id": "",
            "carrier_ip": "",
            "customer_owned_ip": "",
            "customer_owned_ipv4_pool": "",
            "domain": "vpc",
            "id": "eipalloc-0de840fbd9a3003bb",
            "instance": "",
            "network_border_group": "us-west-1",
            "network_interface": "",
            "private_dns": null,
            "private_ip": "",
            "public_dns": "ec2-52-52-62-103.us-west-1.compute.amazonaws.com",
            "public_ip": "52.52.62.103",
            "public_ipv4_pool": "amazon",
            "tags": {
              "Environment": "dev",
              "Name": "my-vpc-us-west-1b",
              "Terraform": "true"
            },
            "tags_all": {
              "Environment": "dev",
              "Name": "my-vpc-us-west-1b",
              "Terraform": "true"
            },
            "timeouts": null,
            "vpc": true
          },
          "sensitive_attributes": [],
          "private": "eyJlMmJmYjczMC1lY2FhLTExZTYtOGY4OC0zNDM2M2JjN2M0YzAiOnsiZGVsZXRlIjoxODAwMDAwMDAwMDAsInJlYWQiOjkwMDAwMDAwMDAwMCwidXBkYXRlIjozMDAwMDAwMDAwMDB9fQ==",
          "dependencies": [
            "module.vpc.aws_internet_gateway.this",
            "module.vpc.aws_vpc.this",
            "module.vpc.aws_vpc_ipv4_cidr_block_association.this"
          ]
        }
      ]
    },
    {
      "module": "module.vpc",
      "mode": "managed",
      "type": "aws_internet_gateway",
      "name": "this",
      "provider": "provider[\"registry.terraform.io/hashicorp/aws\"]",
      "instances": [
        {
          "index_key": 0,
          "schema_version": 0,
          "attributes": {
            "arn": "arn:aws:ec2:us-west-1:049527633842:internet-gateway/igw-0c4eac454c95194b5",
            "id": "igw-0c4eac454c95194b5",
            "owner_id": "049527633842",
            "tags": {
              "Environment": "dev",
              "Name": "my-vpc",
              "Terraform": "true"
            },
            "tags_all": {
              "Environment": "dev",
              "Name": "my-vpc",
              "Terraform": "true"
            },
            "timeouts": null,
            "vpc_id": "vpc-094e60330fffeb597"
          },
          "sensitive_attributes": [],
          "private": "eyJlMmJmYjczMC1lY2FhLTExZTYtOGY4OC0zNDM2M2JjN2M0YzAiOnsiY3JlYXRlIjoxMjAwMDAwMDAwMDAwLCJkZWxldGUiOjEyMDAwMDAwMDAwMDAsInVwZGF0ZSI6MTIwMDAwMDAwMDAwMH19",
          "dependencies": [
            "module.vpc.aws_vpc.this",
            "module.vpc.aws_vpc_ipv4_cidr_block_association.this"
          ]
        }
      ]
    },
    {
      "module": "module.vpc",
      "mode": "managed",
      "type": "aws_nat_gateway",
      "name": "this",
      "provider": "provider[\"registry.terraform.io/hashicorp/aws\"]",
      "instances": [
        {
          "index_key": 0,
          "schema_version": 0,
          "attributes": {
            "allocation_id": "eipalloc-05417c6a628437c2e",
            "association_id": "eipassoc-07e2cecbb04da3a7a",
            "connectivity_type": "public",
            "id": "nat-0fde09423b6858a2c",
            "network_interface_id": "eni-005cb0488c60649e6",
            "private_ip": "10.0.101.14",
            "public_ip": "204.236.156.34",
            "subnet_id": "subnet-0c4da7b743e83fc29",
            "tags": {
              "Environment": "dev",
              "Name": "my-vpc-us-west-1b",
              "Terraform": "true"
            },
            "tags_all": {
              "Environment": "dev",
              "Name": "my-vpc-us-west-1b",
              "Terraform": "true"
            }
          },
          "sensitive_attributes": [],
          "private": "bnVsbA==",
          "dependencies": [
            "module.vpc.aws_eip.nat",
            "module.vpc.aws_internet_gateway.this",
            "module.vpc.aws_subnet.public",
            "module.vpc.aws_vpc.this",
            "module.vpc.aws_vpc_ipv4_cidr_block_association.this"
          ]
        },
        {
          "index_key": 1,
          "schema_version": 0,
          "attributes": {
            "allocation_id": "eipalloc-000299645519dfa3a",
            "association_id": "eipassoc-048f0246d283f04a6",
            "connectivity_type": "public",
            "id": "nat-0a0b235fd1865c88d",
            "network_interface_id": "eni-00550c9bfeb6f9183",
            "private_ip": "10.0.102.45",
            "public_ip": "52.8.33.61",
            "subnet_id": "subnet-03cc01ef44d56ab9d",
            "tags": {
              "Environment": "dev",
              "Name": "my-vpc-us-west-1c",
              "Terraform": "true"
            },
            "tags_all": {
              "Environment": "dev",
              "Name": "my-vpc-us-west-1c",
              "Terraform": "true"
            }
          },
          "sensitive_attributes": [],
          "private": "bnVsbA==",
          "dependencies": [
            "module.vpc.aws_eip.nat",
            "module.vpc.aws_internet_gateway.this",
            "module.vpc.aws_subnet.public",
            "module.vpc.aws_vpc.this",
            "module.vpc.aws_vpc_ipv4_cidr_block_association.this"
          ]
        },
        {
          "index_key": 2,
          "schema_version": 0,
          "attributes": {
            "allocation_id": "eipalloc-0de840fbd9a3003bb",
            "association_id": "eipassoc-0746cea3566b8e998",
            "connectivity_type": "public",
            "id": "nat-03a93aea299dd0281",
            "network_interface_id": "eni-0349c8fb345c7c0f2",
            "private_ip": "10.0.103.22",
            "public_ip": "52.52.62.103",
            "subnet_id": "subnet-0ef31138032f3aa32",
            "tags": {
              "Environment": "dev",
              "Name": "my-vpc-us-west-1b",
              "Terraform": "true"
            },
            "tags_all": {
              "Environment": "dev",
              "Name": "my-vpc-us-west-1b",
              "Terraform": "true"
            }
          },
          "sensitive_attributes": [],
          "private": "bnVsbA==",
          "dependencies": [
            "module.vpc.aws_eip.nat",
            "module.vpc.aws_internet_gateway.this",
            "module.vpc.aws_subnet.public",
            "module.vpc.aws_vpc.this",
            "module.vpc.aws_vpc_ipv4_cidr_block_association.this"
          ]
        }
      ]
    },
    {
      "module": "module.vpc",
      "mode": "managed",
      "type": "aws_route",
      "name": "private_nat_gateway",
      "provider": "provider[\"registry.terraform.io/hashicorp/aws\"]",
      "instances": [
        {
          "index_key": 0,
          "schema_version": 0,
          "attributes": {
            "carrier_gateway_id": "",
            "core_network_arn": "",
            "destination_cidr_block": "0.0.0.0/0",
            "destination_ipv6_cidr_block": "",
            "destination_prefix_list_id": "",
            "egress_only_gateway_id": "",
            "gateway_id": "",
            "id": "r-rtb-0218eec906a1c22291080289494",
            "instance_id": "",
            "instance_owner_id": "",
            "local_gateway_id": "",
            "nat_gateway_id": "nat-0fde09423b6858a2c",
            "network_interface_id": "",
            "origin": "CreateRoute",
            "route_table_id": "rtb-0218eec906a1c2229",
            "state": "active",
            "timeouts": {
              "create": "5m",
              "delete": null,
              "update": null
            },
            "transit_gateway_id": "",
            "vpc_endpoint_id": "",
            "vpc_peering_connection_id": ""
          },
          "sensitive_attributes": [],
          "private": "eyJlMmJmYjczMC1lY2FhLTExZTYtOGY4OC0zNDM2M2JjN2M0YzAiOnsiY3JlYXRlIjozMDAwMDAwMDAwMDAsImRlbGV0ZSI6MzAwMDAwMDAwMDAwLCJ1cGRhdGUiOjEyMDAwMDAwMDAwMH19",
          "dependencies": [
            "module.vpc.aws_eip.nat",
            "module.vpc.aws_internet_gateway.this",
            "module.vpc.aws_nat_gateway.this",
            "module.vpc.aws_route_table.private",
            "module.vpc.aws_subnet.public",
            "module.vpc.aws_vpc.this",
            "module.vpc.aws_vpc_ipv4_cidr_block_association.this"
          ]
        },
        {
          "index_key": 1,
          "schema_version": 0,
          "attributes": {
            "carrier_gateway_id": "",
            "core_network_arn": "",
            "destination_cidr_block": "0.0.0.0/0",
            "destination_ipv6_cidr_block": "",
            "destination_prefix_list_id": "",
            "egress_only_gateway_id": "",
            "gateway_id": "",
            "id": "r-rtb-0b731b4caf78d4b021080289494",
            "instance_id": "",
            "instance_owner_id": "",
            "local_gateway_id": "",
            "nat_gateway_id": "nat-0a0b235fd1865c88d",
            "network_interface_id": "",
            "origin": "CreateRoute",
            "route_table_id": "rtb-0b731b4caf78d4b02",
            "state": "active",
            "timeouts": {
              "create": "5m",
              "delete": null,
              "update": null
            },
            "transit_gateway_id": "",
            "vpc_endpoint_id": "",
            "vpc_peering_connection_id": ""
          },
          "sensitive_attributes": [],
          "private": "eyJlMmJmYjczMC1lY2FhLTExZTYtOGY4OC0zNDM2M2JjN2M0YzAiOnsiY3JlYXRlIjozMDAwMDAwMDAwMDAsImRlbGV0ZSI6MzAwMDAwMDAwMDAwLCJ1cGRhdGUiOjEyMDAwMDAwMDAwMH19",
          "dependencies": [
            "module.vpc.aws_eip.nat",
            "module.vpc.aws_internet_gateway.this",
            "module.vpc.aws_nat_gateway.this",
            "module.vpc.aws_route_table.private",
            "module.vpc.aws_subnet.public",
            "module.vpc.aws_vpc.this",
            "module.vpc.aws_vpc_ipv4_cidr_block_association.this"
          ]
        },
        {
          "index_key": 2,
          "schema_version": 0,
          "attributes": {
            "carrier_gateway_id": "",
            "core_network_arn": "",
            "destination_cidr_block": "0.0.0.0/0",
            "destination_ipv6_cidr_block": "",
            "destination_prefix_list_id": "",
            "egress_only_gateway_id": "",
            "gateway_id": "",
            "id": "r-rtb-04f763bf8d791c0ab1080289494",
            "instance_id": "",
            "instance_owner_id": "",
            "local_gateway_id": "",
            "nat_gateway_id": "nat-03a93aea299dd0281",
            "network_interface_id": "",
            "origin": "CreateRoute",
            "route_table_id": "rtb-04f763bf8d791c0ab",
            "state": "active",
            "timeouts": {
              "create": "5m",
              "delete": null,
              "update": null
            },
            "transit_gateway_id": "",
            "vpc_endpoint_id": "",
            "vpc_peering_connection_id": ""
          },
          "sensitive_attributes": [],
          "private": "eyJlMmJmYjczMC1lY2FhLTExZTYtOGY4OC0zNDM2M2JjN2M0YzAiOnsiY3JlYXRlIjozMDAwMDAwMDAwMDAsImRlbGV0ZSI6MzAwMDAwMDAwMDAwLCJ1cGRhdGUiOjEyMDAwMDAwMDAwMH19",
          "dependencies": [
            "module.vpc.aws_eip.nat",
            "module.vpc.aws_internet_gateway.this",
            "module.vpc.aws_nat_gateway.this",
            "module.vpc.aws_route_table.private",
            "module.vpc.aws_subnet.public",
            "module.vpc.aws_vpc.this",
            "module.vpc.aws_vpc_ipv4_cidr_block_association.this"
          ]
        }
      ]
    },
    {
      "module": "module.vpc",
      "mode": "managed",
      "type": "aws_route",
      "name": "public_internet_gateway",
      "provider": "provider[\"registry.terraform.io/hashicorp/aws\"]",
      "instances": [
        {
          "index_key": 0,
          "schema_version": 0,
          "attributes": {
            "carrier_gateway_id": "",
            "core_network_arn": "",
            "destination_cidr_block": "0.0.0.0/0",
            "destination_ipv6_cidr_block": "",
            "destination_prefix_list_id": "",
            "egress_only_gateway_id": "",
            "gateway_id": "igw-0c4eac454c95194b5",
            "id": "r-rtb-030a55b7a77cd6b721080289494",
            "instance_id": "",
            "instance_owner_id": "",
            "local_gateway_id": "",
            "nat_gateway_id": "",
            "network_interface_id": "",
            "origin": "CreateRoute",
            "route_table_id": "rtb-030a55b7a77cd6b72",
            "state": "active",
            "timeouts": {
              "create": "5m",
              "delete": null,
              "update": null
            },
            "transit_gateway_id": "",
            "vpc_endpoint_id": "",
            "vpc_peering_connection_id": ""
          },
          "sensitive_attributes": [],
          "private": "eyJlMmJmYjczMC1lY2FhLTExZTYtOGY4OC0zNDM2M2JjN2M0YzAiOnsiY3JlYXRlIjozMDAwMDAwMDAwMDAsImRlbGV0ZSI6MzAwMDAwMDAwMDAwLCJ1cGRhdGUiOjEyMDAwMDAwMDAwMH19",
          "dependencies": [
            "module.vpc.aws_internet_gateway.this",
            "module.vpc.aws_route_table.public",
            "module.vpc.aws_vpc.this",
            "module.vpc.aws_vpc_ipv4_cidr_block_association.this"
          ]
        }
      ]
    },
    {
      "module": "module.vpc",
      "mode": "managed",
      "type": "aws_route_table",
      "name": "private",
      "provider": "provider[\"registry.terraform.io/hashicorp/aws\"]",
      "instances": [
        {
          "index_key": 0,
          "schema_version": 0,
          "attributes": {
            "arn": "arn:aws:ec2:us-west-1:049527633842:route-table/rtb-0218eec906a1c2229",
            "id": "rtb-0218eec906a1c2229",
            "owner_id": "049527633842",
            "propagating_vgws": [],
            "route": [],
            "tags": {
              "Environment": "dev",
              "Name": "my-vpc-private-us-west-1b",
              "Terraform": "true"
            },
            "tags_all": {
              "Environment": "dev",
              "Name": "my-vpc-private-us-west-1b",
              "Terraform": "true"
            },
            "timeouts": null,
            "vpc_id": "vpc-094e60330fffeb597"
          },
          "sensitive_attributes": [],
          "private": "eyJlMmJmYjczMC1lY2FhLTExZTYtOGY4OC0zNDM2M2JjN2M0YzAiOnsiY3JlYXRlIjozMDAwMDAwMDAwMDAsImRlbGV0ZSI6MzAwMDAwMDAwMDAwLCJ1cGRhdGUiOjEyMDAwMDAwMDAwMH19",
          "dependencies": [
            "module.vpc.aws_vpc.this",
            "module.vpc.aws_vpc_ipv4_cidr_block_association.this"
          ]
        },
        {
          "index_key": 1,
          "schema_version": 0,
          "attributes": {
            "arn": "arn:aws:ec2:us-west-1:049527633842:route-table/rtb-0b731b4caf78d4b02",
            "id": "rtb-0b731b4caf78d4b02",
            "owner_id": "049527633842",
            "propagating_vgws": [],
            "route": [],
            "tags": {
              "Environment": "dev",
              "Name": "my-vpc-private-us-west-1c",
              "Terraform": "true"
            },
            "tags_all": {
              "Environment": "dev",
              "Name": "my-vpc-private-us-west-1c",
              "Terraform": "true"
            },
            "timeouts": null,
            "vpc_id": "vpc-094e60330fffeb597"
          },
          "sensitive_attributes": [],
          "private": "eyJlMmJmYjczMC1lY2FhLTExZTYtOGY4OC0zNDM2M2JjN2M0YzAiOnsiY3JlYXRlIjozMDAwMDAwMDAwMDAsImRlbGV0ZSI6MzAwMDAwMDAwMDAwLCJ1cGRhdGUiOjEyMDAwMDAwMDAwMH19",
          "dependencies": [
            "module.vpc.aws_vpc.this",
            "module.vpc.aws_vpc_ipv4_cidr_block_association.this"
          ]
        },
        {
          "index_key": 2,
          "schema_version": 0,
          "attributes": {
            "arn": "arn:aws:ec2:us-west-1:049527633842:route-table/rtb-04f763bf8d791c0ab",
            "id": "rtb-04f763bf8d791c0ab",
            "owner_id": "049527633842",
            "propagating_vgws": [],
            "route": [],
            "tags": {
              "Environment": "dev",
              "Name": "my-vpc-private-us-west-1b",
              "Terraform": "true"
            },
            "tags_all": {
              "Environment": "dev",
              "Name": "my-vpc-private-us-west-1b",
              "Terraform": "true"
            },
            "timeouts": null,
            "vpc_id": "vpc-094e60330fffeb597"
          },
          "sensitive_attributes": [],
          "private": "eyJlMmJmYjczMC1lY2FhLTExZTYtOGY4OC0zNDM2M2JjN2M0YzAiOnsiY3JlYXRlIjozMDAwMDAwMDAwMDAsImRlbGV0ZSI6MzAwMDAwMDAwMDAwLCJ1cGRhdGUiOjEyMDAwMDAwMDAwMH19",
          "dependencies": [
            "module.vpc.aws_vpc.this",
            "module.vpc.aws_vpc_ipv4_cidr_block_association.this"
          ]
        }
      ]
    },
    {
      "module": "module.vpc",
      "mode": "managed",
      "type": "aws_route_table",
      "name": "public",
      "provider": "provider[\"registry.terraform.io/hashicorp/aws\"]",
      "instances": [
        {
          "index_key": 0,
          "schema_version": 0,
          "attributes": {
            "arn": "arn:aws:ec2:us-west-1:049527633842:route-table/rtb-030a55b7a77cd6b72",
            "id": "rtb-030a55b7a77cd6b72",
            "owner_id": "049527633842",
            "propagating_vgws": [],
            "route": [],
            "tags": {
              "Environment": "dev",
              "Name": "my-vpc-public",
              "Terraform": "true"
            },
            "tags_all": {
              "Environment": "dev",
              "Name": "my-vpc-public",
              "Terraform": "true"
            },
            "timeouts": null,
            "vpc_id": "vpc-094e60330fffeb597"
          },
          "sensitive_attributes": [],
          "private": "eyJlMmJmYjczMC1lY2FhLTExZTYtOGY4OC0zNDM2M2JjN2M0YzAiOnsiY3JlYXRlIjozMDAwMDAwMDAwMDAsImRlbGV0ZSI6MzAwMDAwMDAwMDAwLCJ1cGRhdGUiOjEyMDAwMDAwMDAwMH19",
          "dependencies": [
            "module.vpc.aws_vpc.this",
            "module.vpc.aws_vpc_ipv4_cidr_block_association.this"
          ]
        }
      ]
    },
    {
      "module": "module.vpc",
      "mode": "managed",
      "type": "aws_route_table_association",
      "name": "private",
      "provider": "provider[\"registry.terraform.io/hashicorp/aws\"]",
      "instances": [
        {
          "index_key": 0,
          "schema_version": 0,
          "attributes": {
            "gateway_id": "",
            "id": "rtbassoc-02885317ad370b044",
            "route_table_id": "rtb-0218eec906a1c2229",
            "subnet_id": "subnet-072ccbd6643ce9c6a",
            "timeouts": null
          },
          "sensitive_attributes": [],
          "private": "eyJlMmJmYjczMC1lY2FhLTExZTYtOGY4OC0zNDM2M2JjN2M0YzAiOnsiY3JlYXRlIjozMDAwMDAwMDAwMDAsImRlbGV0ZSI6MzAwMDAwMDAwMDAwLCJ1cGRhdGUiOjEyMDAwMDAwMDAwMH19",
          "dependencies": [
            "module.vpc.aws_route_table.private",
            "module.vpc.aws_subnet.private",
            "module.vpc.aws_vpc.this",
            "module.vpc.aws_vpc_ipv4_cidr_block_association.this"
          ]
        },
        {
          "index_key": 1,
          "schema_version": 0,
          "attributes": {
            "gateway_id": "",
            "id": "rtbassoc-0450cf3a45eee3316",
            "route_table_id": "rtb-0b731b4caf78d4b02",
            "subnet_id": "subnet-0d7bf3ad7b52f83e3",
            "timeouts": null
          },
          "sensitive_attributes": [],
          "private": "eyJlMmJmYjczMC1lY2FhLTExZTYtOGY4OC0zNDM2M2JjN2M0YzAiOnsiY3JlYXRlIjozMDAwMDAwMDAwMDAsImRlbGV0ZSI6MzAwMDAwMDAwMDAwLCJ1cGRhdGUiOjEyMDAwMDAwMDAwMH19",
          "dependencies": [
            "module.vpc.aws_route_table.private",
            "module.vpc.aws_subnet.private",
            "module.vpc.aws_vpc.this",
            "module.vpc.aws_vpc_ipv4_cidr_block_association.this"
          ]
        },
        {
          "index_key": 2,
          "schema_version": 0,
          "attributes": {
            "gateway_id": "",
            "id": "rtbassoc-03768335d8122cfd2",
            "route_table_id": "rtb-04f763bf8d791c0ab",
            "subnet_id": "subnet-07a95effc66638f6f",
            "timeouts": null
          },
          "sensitive_attributes": [],
          "private": "eyJlMmJmYjczMC1lY2FhLTExZTYtOGY4OC0zNDM2M2JjN2M0YzAiOnsiY3JlYXRlIjozMDAwMDAwMDAwMDAsImRlbGV0ZSI6MzAwMDAwMDAwMDAwLCJ1cGRhdGUiOjEyMDAwMDAwMDAwMH19",
          "dependencies": [
            "module.vpc.aws_route_table.private",
            "module.vpc.aws_subnet.private",
            "module.vpc.aws_vpc.this",
            "module.vpc.aws_vpc_ipv4_cidr_block_association.this"
          ]
        }
      ]
    },
    {
      "module": "module.vpc",
      "mode": "managed",
      "type": "aws_route_table_association",
      "name": "public",
      "provider": "provider[\"registry.terraform.io/hashicorp/aws\"]",
      "instances": [
        {
          "index_key": 0,
          "schema_version": 0,
          "attributes": {
            "gateway_id": "",
            "id": "rtbassoc-05fe8734016ebc963",
            "route_table_id": "rtb-030a55b7a77cd6b72",
            "subnet_id": "subnet-0c4da7b743e83fc29",
            "timeouts": null
          },
          "sensitive_attributes": [],
          "private": "eyJlMmJmYjczMC1lY2FhLTExZTYtOGY4OC0zNDM2M2JjN2M0YzAiOnsiY3JlYXRlIjozMDAwMDAwMDAwMDAsImRlbGV0ZSI6MzAwMDAwMDAwMDAwLCJ1cGRhdGUiOjEyMDAwMDAwMDAwMH19",
          "dependencies": [
            "module.vpc.aws_route_table.public",
            "module.vpc.aws_subnet.public",
            "module.vpc.aws_vpc.this",
            "module.vpc.aws_vpc_ipv4_cidr_block_association.this"
          ]
        },
        {
          "index_key": 1,
          "schema_version": 0,
          "attributes": {
            "gateway_id": "",
            "id": "rtbassoc-07fceaa471b1a64e2",
            "route_table_id": "rtb-030a55b7a77cd6b72",
            "subnet_id": "subnet-03cc01ef44d56ab9d",
            "timeouts": null
          },
          "sensitive_attributes": [],
          "private": "eyJlMmJmYjczMC1lY2FhLTExZTYtOGY4OC0zNDM2M2JjN2M0YzAiOnsiY3JlYXRlIjozMDAwMDAwMDAwMDAsImRlbGV0ZSI6MzAwMDAwMDAwMDAwLCJ1cGRhdGUiOjEyMDAwMDAwMDAwMH19",
          "dependencies": [
            "module.vpc.aws_route_table.public",
            "module.vpc.aws_subnet.public",
            "module.vpc.aws_vpc.this",
            "module.vpc.aws_vpc_ipv4_cidr_block_association.this"
          ]
        },
        {
          "index_key": 2,
          "schema_version": 0,
          "attributes": {
            "gateway_id": "",
            "id": "rtbassoc-09cfd7ac462ca25d4",
            "route_table_id": "rtb-030a55b7a77cd6b72",
            "subnet_id": "subnet-0ef31138032f3aa32",
            "timeouts": null
          },
          "sensitive_attributes": [],
          "private": "eyJlMmJmYjczMC1lY2FhLTExZTYtOGY4OC0zNDM2M2JjN2M0YzAiOnsiY3JlYXRlIjozMDAwMDAwMDAwMDAsImRlbGV0ZSI6MzAwMDAwMDAwMDAwLCJ1cGRhdGUiOjEyMDAwMDAwMDAwMH19",
          "dependencies": [
            "module.vpc.aws_route_table.public",
            "module.vpc.aws_subnet.public",
            "module.vpc.aws_vpc.this",
            "module.vpc.aws_vpc_ipv4_cidr_block_association.this"
          ]
        }
      ]
    },
    {
      "module": "module.vpc",
      "mode": "managed",
      "type": "aws_subnet",
      "name": "private",
      "provider": "provider[\"registry.terraform.io/hashicorp/aws\"]",
      "instances": [
        {
          "index_key": 0,
          "schema_version": 1,
          "attributes": {
            "arn": "arn:aws:ec2:us-west-1:049527633842:subnet/subnet-072ccbd6643ce9c6a",
            "assign_ipv6_address_on_creation": false,
            "availability_zone": "us-west-1b",
            "availability_zone_id": "usw1-az3",
            "cidr_block": "10.0.1.0/24",
            "customer_owned_ipv4_pool": "",
            "enable_dns64": false,
            "enable_lni_at_device_index": 0,
            "enable_resource_name_dns_a_record_on_launch": false,
            "enable_resource_name_dns_aaaa_record_on_launch": false,
            "id": "subnet-072ccbd6643ce9c6a",
            "ipv6_cidr_block": "",
            "ipv6_cidr_block_association_id": "",
            "ipv6_native": false,
            "map_customer_owned_ip_on_launch": false,
            "map_public_ip_on_launch": false,
            "outpost_arn": "",
            "owner_id": "049527633842",
            "private_dns_hostname_type_on_launch": "ip-name",
            "tags": {
              "Environment": "dev",
              "Name": "my-vpc-private-us-west-1b",
              "Terraform": "true"
            },
            "tags_all": {
              "Environment": "dev",
              "Name": "my-vpc-private-us-west-1b",
              "Terraform": "true"
            },
            "timeouts": null,
            "vpc_id": "vpc-094e60330fffeb597"
          },
          "sensitive_attributes": [],
          "private": "eyJlMmJmYjczMC1lY2FhLTExZTYtOGY4OC0zNDM2M2JjN2M0YzAiOnsiY3JlYXRlIjo2MDAwMDAwMDAwMDAsImRlbGV0ZSI6MTIwMDAwMDAwMDAwMH0sInNjaGVtYV92ZXJzaW9uIjoiMSJ9",
          "dependencies": [
            "module.vpc.aws_vpc.this",
            "module.vpc.aws_vpc_ipv4_cidr_block_association.this"
          ]
        },
        {
          "index_key": 1,
          "schema_version": 1,
          "attributes": {
            "arn": "arn:aws:ec2:us-west-1:049527633842:subnet/subnet-0d7bf3ad7b52f83e3",
            "assign_ipv6_address_on_creation": false,
            "availability_zone": "us-west-1c",
            "availability_zone_id": "usw1-az1",
            "cidr_block": "10.0.2.0/24",
            "customer_owned_ipv4_pool": "",
            "enable_dns64": false,
            "enable_lni_at_device_index": 0,
            "enable_resource_name_dns_a_record_on_launch": false,
            "enable_resource_name_dns_aaaa_record_on_launch": false,
            "id": "subnet-0d7bf3ad7b52f83e3",
            "ipv6_cidr_block": "",
            "ipv6_cidr_block_association_id": "",
            "ipv6_native": false,
            "map_customer_owned_ip_on_launch": false,
            "map_public_ip_on_launch": false,
            "outpost_arn": "",
            "owner_id": "049527633842",
            "private_dns_hostname_type_on_launch": "ip-name",
            "tags": {
              "Environment": "dev",
              "Name": "my-vpc-private-us-west-1c",
              "Terraform": "true"
            },
            "tags_all": {
              "Environment": "dev",
              "Name": "my-vpc-private-us-west-1c",
              "Terraform": "true"
            },
            "timeouts": null,
            "vpc_id": "vpc-094e60330fffeb597"
          },
          "sensitive_attributes": [],
          "private": "eyJlMmJmYjczMC1lY2FhLTExZTYtOGY4OC0zNDM2M2JjN2M0YzAiOnsiY3JlYXRlIjo2MDAwMDAwMDAwMDAsImRlbGV0ZSI6MTIwMDAwMDAwMDAwMH0sInNjaGVtYV92ZXJzaW9uIjoiMSJ9",
          "dependencies": [
            "module.vpc.aws_vpc.this",
            "module.vpc.aws_vpc_ipv4_cidr_block_association.this"
          ]
        },
        {
          "index_key": 2,
          "schema_version": 1,
          "attributes": {
            "arn": "arn:aws:ec2:us-west-1:049527633842:subnet/subnet-07a95effc66638f6f",
            "assign_ipv6_address_on_creation": false,
            "availability_zone": "us-west-1b",
            "availability_zone_id": "usw1-az3",
            "cidr_block": "10.0.3.0/24",
            "customer_owned_ipv4_pool": "",
            "enable_dns64": false,
            "enable_lni_at_device_index": 0,
            "enable_resource_name_dns_a_record_on_launch": false,
            "enable_resource_name_dns_aaaa_record_on_launch": false,
            "id": "subnet-07a95effc66638f6f",
            "ipv6_cidr_block": "",
            "ipv6_cidr_block_association_id": "",
            "ipv6_native": false,
            "map_customer_owned_ip_on_launch": false,
            "map_public_ip_on_launch": false,
            "outpost_arn": "",
            "owner_id": "049527633842",
            "private_dns_hostname_type_on_launch": "ip-name",
            "tags": {
              "Environment": "dev",
              "Name": "my-vpc-private-us-west-1b",
              "Terraform": "true"
            },
            "tags_all": {
              "Environment": "dev",
              "Name": "my-vpc-private-us-west-1b",
              "Terraform": "true"
            },
            "timeouts": null,
            "vpc_id": "vpc-094e60330fffeb597"
          },
          "sensitive_attributes": [],
          "private": "eyJlMmJmYjczMC1lY2FhLTExZTYtOGY4OC0zNDM2M2JjN2M0YzAiOnsiY3JlYXRlIjo2MDAwMDAwMDAwMDAsImRlbGV0ZSI6MTIwMDAwMDAwMDAwMH0sInNjaGVtYV92ZXJzaW9uIjoiMSJ9",
          "dependencies": [
            "module.vpc.aws_vpc.this",
            "module.vpc.aws_vpc_ipv4_cidr_block_association.this"
          ]
        }
      ]
    },
    {
      "module": "module.vpc",
      "mode": "managed",
      "type": "aws_subnet",
      "name": "public",
      "provider": "provider[\"registry.terraform.io/hashicorp/aws\"]",
      "instances": [
        {
          "index_key": 0,
          "schema_version": 1,
          "attributes": {
            "arn": "arn:aws:ec2:us-west-1:049527633842:subnet/subnet-0c4da7b743e83fc29",
            "assign_ipv6_address_on_creation": false,
            "availability_zone": "us-west-1b",
            "availability_zone_id": "usw1-az3",
            "cidr_block": "10.0.101.0/24",
            "customer_owned_ipv4_pool": "",
            "enable_dns64": false,
            "enable_lni_at_device_index": 0,
            "enable_resource_name_dns_a_record_on_launch": false,
            "enable_resource_name_dns_aaaa_record_on_launch": false,
            "id": "subnet-0c4da7b743e83fc29",
            "ipv6_cidr_block": "",
            "ipv6_cidr_block_association_id": "",
            "ipv6_native": false,
            "map_customer_owned_ip_on_launch": false,
            "map_public_ip_on_launch": false,
            "outpost_arn": "",
            "owner_id": "049527633842",
            "private_dns_hostname_type_on_launch": "ip-name",
            "tags": {
              "Environment": "dev",
              "Name": "my-vpc-public-us-west-1b",
              "Terraform": "true"
            },
            "tags_all": {
              "Environment": "dev",
              "Name": "my-vpc-public-us-west-1b",
              "Terraform": "true"
            },
            "timeouts": null,
            "vpc_id": "vpc-094e60330fffeb597"
          },
          "sensitive_attributes": [],
          "private": "eyJlMmJmYjczMC1lY2FhLTExZTYtOGY4OC0zNDM2M2JjN2M0YzAiOnsiY3JlYXRlIjo2MDAwMDAwMDAwMDAsImRlbGV0ZSI6MTIwMDAwMDAwMDAwMH0sInNjaGVtYV92ZXJzaW9uIjoiMSJ9",
          "dependencies": [
            "module.vpc.aws_vpc.this",
            "module.vpc.aws_vpc_ipv4_cidr_block_association.this"
          ]
        },
        {
          "index_key": 1,
          "schema_version": 1,
          "attributes": {
            "arn": "arn:aws:ec2:us-west-1:049527633842:subnet/subnet-03cc01ef44d56ab9d",
            "assign_ipv6_address_on_creation": false,
            "availability_zone": "us-west-1c",
            "availability_zone_id": "usw1-az1",
            "cidr_block": "10.0.102.0/24",
            "customer_owned_ipv4_pool": "",
            "enable_dns64": false,
            "enable_lni_at_device_index": 0,
            "enable_resource_name_dns_a_record_on_launch": false,
            "enable_resource_name_dns_aaaa_record_on_launch": false,
            "id": "subnet-03cc01ef44d56ab9d",
            "ipv6_cidr_block": "",
            "ipv6_cidr_block_association_id": "",
            "ipv6_native": false,
            "map_customer_owned_ip_on_launch": false,
            "map_public_ip_on_launch": false,
            "outpost_arn": "",
            "owner_id": "049527633842",
            "private_dns_hostname_type_on_launch": "ip-name",
            "tags": {
              "Environment": "dev",
              "Name": "my-vpc-public-us-west-1c",
              "Terraform": "true"
            },
            "tags_all": {
              "Environment": "dev",
              "Name": "my-vpc-public-us-west-1c",
              "Terraform": "true"
            },
            "timeouts": null,
            "vpc_id": "vpc-094e60330fffeb597"
          },
          "sensitive_attributes": [],
          "private": "eyJlMmJmYjczMC1lY2FhLTExZTYtOGY4OC0zNDM2M2JjN2M0YzAiOnsiY3JlYXRlIjo2MDAwMDAwMDAwMDAsImRlbGV0ZSI6MTIwMDAwMDAwMDAwMH0sInNjaGVtYV92ZXJzaW9uIjoiMSJ9",
          "dependencies": [
            "module.vpc.aws_vpc.this",
            "module.vpc.aws_vpc_ipv4_cidr_block_association.this"
          ]
        },
        {
          "index_key": 2,
          "schema_version": 1,
          "attributes": {
            "arn": "arn:aws:ec2:us-west-1:049527633842:subnet/subnet-0ef31138032f3aa32",
            "assign_ipv6_address_on_creation": false,
            "availability_zone": "us-west-1b",
            "availability_zone_id": "usw1-az3",
            "cidr_block": "10.0.103.0/24",
            "customer_owned_ipv4_pool": "",
            "enable_dns64": false,
            "enable_lni_at_device_index": 0,
            "enable_resource_name_dns_a_record_on_launch": false,
            "enable_resource_name_dns_aaaa_record_on_launch": false,
            "id": "subnet-0ef31138032f3aa32",
            "ipv6_cidr_block": "",
            "ipv6_cidr_block_association_id": "",
            "ipv6_native": false,
            "map_customer_owned_ip_on_launch": false,
            "map_public_ip_on_launch": false,
            "outpost_arn": "",
            "owner_id": "049527633842",
            "private_dns_hostname_type_on_launch": "ip-name",
            "tags": {
              "Environment": "dev",
              "Name": "my-vpc-public-us-west-1b",
              "Terraform": "true"
            },
            "tags_all": {
              "Environment": "dev",
              "Name": "my-vpc-public-us-west-1b",
              "Terraform": "true"
            },
            "timeouts": null,
            "vpc_id": "vpc-094e60330fffeb597"
          },
          "sensitive_attributes": [],
          "private": "eyJlMmJmYjczMC1lY2FhLTExZTYtOGY4OC0zNDM2M2JjN2M0YzAiOnsiY3JlYXRlIjo2MDAwMDAwMDAwMDAsImRlbGV0ZSI6MTIwMDAwMDAwMDAwMH0sInNjaGVtYV92ZXJzaW9uIjoiMSJ9",
          "dependencies": [
            "module.vpc.aws_vpc.this",
            "module.vpc.aws_vpc_ipv4_cidr_block_association.this"
          ]
        }
      ]
    },
    {
      "module": "module.vpc",
      "mode": "managed",
      "type": "aws_vpc",
      "name": "this",
      "provider": "provider[\"registry.terraform.io/hashicorp/aws\"]",
      "instances": [
        {
          "index_key": 0,
          "schema_version": 1,
          "attributes": {
            "arn": "arn:aws:ec2:us-west-1:049527633842:vpc/vpc-094e60330fffeb597",
            "assign_generated_ipv6_cidr_block": false,
            "cidr_block": "10.0.0.0/16",
            "default_network_acl_id": "acl-0adc22f3d7d763c68",
            "default_route_table_id": "rtb-0281d7e384938be31",
            "default_security_group_id": "sg-0dc58e8aed810f25e",
            "dhcp_options_id": "dopt-0196786b36b287d34",
            "enable_dns_hostnames": true,
            "enable_dns_support": true,
            "enable_network_address_usage_metrics": false,
            "id": "vpc-094e60330fffeb597",
            "instance_tenancy": "default",
            "ipv4_ipam_pool_id": null,
            "ipv4_netmask_length": null,
            "ipv6_association_id": "",
            "ipv6_cidr_block": "",
            "ipv6_cidr_block_network_border_group": "",
            "ipv6_ipam_pool_id": "",
            "ipv6_netmask_length": 0,
            "main_route_table_id": "rtb-0281d7e384938be31",
            "owner_id": "049527633842",
            "tags": {
              "Environment": "dev",
              "Name": "my-vpc",
              "Terraform": "true"
            },
            "tags_all": {
              "Environment": "dev",
              "Name": "my-vpc",
              "Terraform": "true"
            }
          },
          "sensitive_attributes": [],
          "private": "eyJzY2hlbWFfdmVyc2lvbiI6IjEifQ=="
        }
      ]
    }
  ],
  "check_results": null
}
